
Microsoft Visual Studio Solution File, Format Version 11.00
# Visual Studio 2010
Project("{FAE04EC0-301F-11D3-BF4B-00C04F79EFBC}") = "DemoApp", "DemoApp\DemoApp.csproj", "{DC0EE36F-949F-40F2-A451-56BBF6767081}"
EndProject
Project("{FAE04EC0-301F-11D3-BF4B-00C04F79EFBC}") = "UnitTestReflector.Core", "UnitTestReflector.Core\UnitTestReflector.Core.csproj", "{AA7CB2F3-A5B3-421D-B447-B8861EB502B3}"
EndProject
Project("{FAE04EC0-301F-11D3-BF4B-00C04F79EFBC}") = "UnitTestVisualiser", "UnitTestVisualiser\UnitTestVisualiser.csproj", "{F1F86F03-33F1-450D-B45E-6B7EBA9AF73C}"
EndProject
Global
	GlobalSection(SolutionConfigurationPlatforms) = preSolution
		Debug|Any CPU = Debug|Any CPU
		Release|Any CPU = Release|Any CPU
	EndGlobalSection
	GlobalSection(ProjectConfigurationPlatforms) = postSolution
		{DC0EE36F-949F-40F2-A451-56BBF6767081}.Debug|Any CPU.ActiveCfg = Debug|Any CPU
		{DC0EE36F-949F-40F2-A451-56BBF6767081}.Debug|Any CPU.Build.0 = Debug|Any CPU
		{DC0EE36F-949F-40F2-A451-56BBF6767081}.Release|Any CPU.ActiveCfg = Release|Any CPU
		{DC0EE36F-949F-40F2-A451-56BBF6767081}.Release|Any CPU.Build.0 = Release|Any CPU
		{AA7CB2F3-A5B3-421D-B447-B8861EB502B3}.Debug|Any CPU.ActiveCfg = Debug|Any CPU
		{AA7CB2F3-A5B3-421D-B447-B8861EB502B3}.Debug|Any CPU.Build.0 = Debug|Any CPU
		{AA7CB2F3-A5B3-421D-B447-B8861EB502B3}.Release|Any CPU.ActiveCfg = Release|Any CPU
		{AA7CB2F3-A5B3-421D-B447-B8861EB502B3}.Release|Any CPU.Build.0 = Release|Any CPU
		{F1F86F03-33F1-450D-B45E-6B7EBA9AF73C}.Debug|Any CPU.ActiveCfg = Debug|Any CPU
		{F1F86F03-33F1-450D-B45E-6B7EBA9AF73C}.Debug|Any CPU.Build.0 = Debug|Any CPU
		{F1F86F03-33F1-450D-B45E-6B7EBA9AF73C}.Release|Any CPU.ActiveCfg = Release|Any CPU
		{F1F86F03-33F1-450D-B45E-6B7EBA9AF73C}.Release|Any CPU.Build.0 = Release|Any CPU
	EndGlobalSection
	GlobalSection(SolutionProperties) = preSolution
		HideSolutionNode = FALSE
	EndGlobalSection
EndGlobal
